
Microsoft Visual Studio Solution File, Format Version 12.00
# Visual Studio Version 17
VisualStudioVersion = 17.1.32328.378
MinimumVisualStudioVersion = 10.0.40219.1
Project("{9A19103F-16F7-4668-BE54-9A1E7A4F7556}") = "ComplexNumber", "ComplexNumber\ComplexNumber.csproj", "{B1A05721-0520-476D-8FB9-EA29DC162A88}"
EndProject
Project("{FAE04EC0-301F-11D3-BF4B-00C04F79EFBC}") = "CNTestProject", "CNTestProject\CNTestProject.csproj", "{25903728-E49C-4894-B226-EB5E6E746D5A}"
EndProject
Global
	GlobalSection(SolutionConfigurationPlatforms) = preSolution
		Debug|Any CPU = Debug|Any CPU
		Release|Any CPU = Release|Any CPU
	EndGlobalSection
	GlobalSection(ProjectConfigurationPlatforms) = postSolution
		{B1A05721-0520-476D-8FB9-EA29DC162A88}.Debug|Any CPU.ActiveCfg = Debug|Any CPU
		{B1A05721-0520-476D-8FB9-EA29DC162A88}.Debug|Any CPU.Build.0 = Debug|Any CPU
		{B1A05721-0520-476D-8FB9-EA29DC162A88}.Release|Any CPU.ActiveCfg = Release|Any CPU
		{B1A05721-0520-476D-8FB9-EA29DC162A88}.Release|Any CPU.Build.0 = Release|Any CPU
		{25903728-E49C-4894-B226-EB5E6E746D5A}.Debug|Any CPU.ActiveCfg = Debug|Any CPU
		{25903728-E49C-4894-B226-EB5E6E746D5A}.Debug|Any CPU.Build.0 = Debug|Any CPU
		{25903728-E49C-4894-B226-EB5E6E746D5A}.Release|Any CPU.ActiveCfg = Release|Any CPU
		{25903728-E49C-4894-B226-EB5E6E746D5A}.Release|Any CPU.Build.0 = Release|Any CPU
	EndGlobalSection
	GlobalSection(SolutionProperties) = preSolution
		HideSolutionNode = FALSE
	EndGlobalSection
	GlobalSection(ExtensibilityGlobals) = postSolution
		SolutionGuid = {40AF0EDB-6DD7-4B48-AE04-2D5070EE70B2}
	EndGlobalSection
EndGlobal
